{
  "name": "SoccerCardApp",
  "lockfileVersion": 3,
  "requires": true,
  "packages": {
    "": {
      "dependencies": {
        "@tsparticles/engine": "^3.3.0",
        "@tsparticles/react": "^3.0.0",
        "@tsparticles/slim": "^3.3.0",
        "clsx": "^2.1.0",
        "framer-motion": "^11.0.25",
        "tailwind-merge": "^2.2.2"
      }
    },
    "node_modules/@babel/runtime": {
      "version": "7.24.4",
      "resolved": "https://registry.npmjs.org/@babel/runtime/-/runtime-7.24.4.tgz",
      "integrity": "sha512-dkxf7+hn8mFBwKjs9bvBlArzLVxVbS8usaPUDd5p2a9JCL9tB8OaOVN1isD4+Xyk4ns89/xeOmbQvgdK7IIVdA==",
      "dependencies": {
        "regenerator-runtime": "^0.14.0"
      },
      "engines": {
        "node": ">=6.9.0"
      }
    },
    "node_modules/@tsparticles/basic": {
      "version": "3.3.0",
      "resolved": "https://registry.npmjs.org/@tsparticles/basic/-/basic-3.3.0.tgz",
      "integrity": "sha512-YB6+pFnkby6hnHhDqH2Q7+Y6Zcm7RAgZLQ8gkecHQxywD0RFItpYQfxpIf82mOTZ39NoeVdH6AF3mydgxVNAMQ==",
      "funding": [
        {
          "type": "github",
          "url": "https://github.com/sponsors/matteobruni"
        },
        {
          "type": "github",
          "url": "https://github.com/sponsors/tsparticles"
        },
        {
          "type": "buymeacoffee",
          "url": "https://www.buymeacoffee.com/matteobruni"
        }
      ],
      "dependencies": {
        "@tsparticles/engine": "^3.3.0",
        "@tsparticles/move-base": "^3.3.0",
        "@tsparticles/shape-circle": "^3.3.0",
        "@tsparticles/updater-color": "^3.3.0",
        "@tsparticles/updater-opacity": "^3.3.0",
        "@tsparticles/updater-out-modes": "^3.3.0",
        "@tsparticles/updater-size": "^3.3.0"
      }
    },
    "node_modules/@tsparticles/engine": {
      "version": "3.3.0",
      "resolved": "https://registry.npmjs.org/@tsparticles/engine/-/engine-3.3.0.tgz",
      "integrity": "sha512-Sr24epYquTelGrUbMaknXTscib8IMQJrbmShJnEemU+wpZNIPtAh09sQgGtq1pUxrGQRUSQIgaybYuXcNgk8rg==",
      "funding": [
        {
          "type": "github",
          "url": "https://github.com/sponsors/matteobruni"
        },
        {
          "type": "github",
          "url": "https://github.com/sponsors/tsparticles"
        },
        {
          "type": "buymeacoffee",
          "url": "https://www.buymeacoffee.com/matteobruni"
        }
      ],
      "hasInstallScript": true
    },
    "node_modules/@tsparticles/interaction-external-attract": {
      "version": "3.3.0",
      "resolved": "https://registry.npmjs.org/@tsparticles/interaction-external-attract/-/interaction-external-attract-3.3.0.tgz",
      "integrity": "sha512-tkwGFoOwwwZm7tcXW4zeJ0EVeRxtOre3EkMT151E/LKmjudo7sQHXpJk/tfz839OdMi3gGq7+9J88AEyl0TVhA==",
      "dependencies": {
        "@tsparticles/engine": "^3.3.0"
      }
    },
    "node_modules/@tsparticles/interaction-external-bounce": {
      "version": "3.3.0",
      "resolved": "https://registry.npmjs.org/@tsparticles/interaction-external-bounce/-/interaction-external-bounce-3.3.0.tgz",
      "integrity": "sha512-4j+Dz/cj+/zgDJZPDVDZz+SCUSxzdDCcEOxjo4KwEYa/vQH4hBPlGxM7V1wIE6g/bKTbNZbmcDAW8haRVrtdSA==",
      "dependencies": {
        "@tsparticles/engine": "^3.3.0"
      }
    },
    "node_modules/@tsparticles/interaction-external-bubble": {
      "version": "3.3.0",
      "resolved": "https://registry.npmjs.org/@tsparticles/interaction-external-bubble/-/interaction-external-bubble-3.3.0.tgz",
      "integrity": "sha512-xdtensiGRhR1C2cOlKBTGr5Sxu9QmMEjloSbr7mx8pyV03OnLG2j5GqFxTzVpoFa+yojjMQ/E5KXctWfQ2FbTg==",
      "dependencies": {
        "@tsparticles/engine": "^3.3.0"
      }
    },
    "node_modules/@tsparticles/interaction-external-connect": {
      "version": "3.3.0",
      "resolved": "https://registry.npmjs.org/@tsparticles/interaction-external-connect/-/interaction-external-connect-3.3.0.tgz",
      "integrity": "sha512-mYdeRclR41qlLwbF3ONsZzu5VDkcML95BDQOrc5uVOC8AukAVhoTKjwVYgii7g3obSvYzSE1YvaAOuLDZOpNwg==",
      "dependencies": {
        "@tsparticles/engine": "^3.3.0"
      }
    },
    "node_modules/@tsparticles/interaction-external-grab": {
      "version": "3.3.0",
      "resolved": "https://registry.npmjs.org/@tsparticles/interaction-external-grab/-/interaction-external-grab-3.3.0.tgz",
      "integrity": "sha512-07dsnz1VzuFY655Ba24kXwyYj/tFSQ0M0ae55z3UFa09o/1uJiDKCdnhBqSAT+MrLiVRX/h8BHL0XS9O3EwE/Q==",
      "dependencies": {
        "@tsparticles/engine": "^3.3.0"
      }
    },
    "node_modules/@tsparticles/interaction-external-pause": {
      "version": "3.3.0",
      "resolved": "https://registry.npmjs.org/@tsparticles/interaction-external-pause/-/interaction-external-pause-3.3.0.tgz",
      "integrity": "sha512-b43k5ecrdsWsiSpKtMPolPhw7EfBeaoH6fFeRUhv7tF4itTHB+DEONcvIOlN3jlQswgZm/sZcaq4dnxT31t9kw==",
      "dependencies": {
        "@tsparticles/engine": "^3.3.0"
      }
    },
    "node_modules/@tsparticles/interaction-external-push": {
      "version": "3.3.0",
      "resolved": "https://registry.npmjs.org/@tsparticles/interaction-external-push/-/interaction-external-push-3.3.0.tgz",
      "integrity": "sha512-pwU2hBvp6/YstK+wtChfKJtXkEBP2Z3836rkK+CUeO7sbsSzO2SkJtmUPfJZJHCcvpCjEoDfhp/3zPskBiwe0w==",
      "dependencies": {
        "@tsparticles/engine": "^3.3.0"
      }
    },
    "node_modules/@tsparticles/interaction-external-remove": {
      "version": "3.3.0",
      "resolved": "https://registry.npmjs.org/@tsparticles/interaction-external-remove/-/interaction-external-remove-3.3.0.tgz",
      "integrity": "sha512-jg6aA0eC1rxZ/bamKJnApBhxABsk/4RgtaWNHLWAKTlen4TdF1pqECqit9Q5C6q5kcJrG7bmRF3VuWd80WiIwQ==",
      "dependencies": {
        "@tsparticles/engine": "^3.3.0"
      }
    },
    "node_modules/@tsparticles/interaction-external-repulse": {
      "version": "3.3.0",
      "resolved": "https://registry.npmjs.org/@tsparticles/interaction-external-repulse/-/interaction-external-repulse-3.3.0.tgz",
      "integrity": "sha512-6fZg9PNUZqXaBtI4OqTKPU98a7/CJP5C+us90q1QqEBhIFSxJBnIkmuloLZuZ7Vj8Ul1FID2Zr8HN5b5EJOZPw==",
      "dependencies": {
        "@tsparticles/engine": "^3.3.0"
      }
    },
    "node_modules/@tsparticles/interaction-external-slow": {
      "version": "3.3.0",
      "resolved": "https://registry.npmjs.org/@tsparticles/interaction-external-slow/-/interaction-external-slow-3.3.0.tgz",
      "integrity": "sha512-flqaF6QN6XuEvKP2KhG2ln82wB9q5WPLLoUBDfWBbYI3gm+O0AH8orysHXYYGtLv+20ZdNiS8fijNl3jvNVLzQ==",
      "dependencies": {
        "@tsparticles/engine": "^3.3.0"
      }
    },
    "node_modules/@tsparticles/interaction-particles-attract": {
      "version": "3.3.0",
      "resolved": "https://registry.npmjs.org/@tsparticles/interaction-particles-attract/-/interaction-particles-attract-3.3.0.tgz",
      "integrity": "sha512-jNFcAfrgz7hqC1rknnvnahrfLRUR8SRI5dJI1MVisi9kuNkSFJUSiGMUbDzYx8eKqfBwcFphVlWrcaylaYeWvA==",
      "dependencies": {
        "@tsparticles/engine": "^3.3.0"
      }
    },
    "node_modules/@tsparticles/interaction-particles-collisions": {
      "version": "3.3.0",
      "resolved": "https://registry.npmjs.org/@tsparticles/interaction-particles-collisions/-/interaction-particles-collisions-3.3.0.tgz",
      "integrity": "sha512-OwHaTaXA0WmHoyd6ygVnJXWqJvK8ObVUoKwSBQg7yRToZkL7lqKnqCJxjoWlHENORP9p8OF/G3JoX0rJXQYQcQ==",
      "dependencies": {
        "@tsparticles/engine": "^3.3.0"
      }
    },
    "node_modules/@tsparticles/interaction-particles-links": {
      "version": "3.3.0",
      "resolved": "https://registry.npmjs.org/@tsparticles/interaction-particles-links/-/interaction-particles-links-3.3.0.tgz",
      "integrity": "sha512-m2cqciwsolCwrzPMcFOzruuCxqxEmofGoKHzPzN5XAUaCDNGj2lsfKHOSgk3orAQQZUmiYoJBr1rIFGEzIGvvg==",
      "dependencies": {
        "@tsparticles/engine": "^3.3.0"
      }
    },
    "node_modules/@tsparticles/move-base": {
      "version": "3.3.0",
      "resolved": "https://registry.npmjs.org/@tsparticles/move-base/-/move-base-3.3.0.tgz",
      "integrity": "sha512-yxfynO0CHWYlhyXy53/HzsN8zyD+v1RX0wT9X1Wry5lgnxhJoFTAP/Pk+srgyLOdaD0WwoRjB3yA/0f/haBWkg==",
      "dependencies": {
        "@tsparticles/engine": "^3.3.0"
      }
    },
    "node_modules/@tsparticles/move-parallax": {
      "version": "3.3.0",
      "resolved": "https://registry.npmjs.org/@tsparticles/move-parallax/-/move-parallax-3.3.0.tgz",
      "integrity": "sha512-s8i0xrsQavI3megcdkKs768jo0lJZEgBL8iF8gL77fpJ56YrWicOC4hEEGW7UOYq44D9m16e+lgr7P7eLpMKAg==",
      "dependencies": {
        "@tsparticles/engine": "^3.3.0"
      }
    },
    "node_modules/@tsparticles/plugin-easing-quad": {
      "version": "3.3.0",
      "resolved": "https://registry.npmjs.org/@tsparticles/plugin-easing-quad/-/plugin-easing-quad-3.3.0.tgz",
      "integrity": "sha512-6c5SRGj9qzASOJwiAc06JVOtH9ZaTXrF9p7svZ1qr/S85fRoRL+Jz/ucl8cdRDqRJvXTrt1qkz2OMi+P+4AgEA==",
      "funding": [
        {
          "type": "github",
          "url": "https://github.com/sponsors/matteobruni"
        },
        {
          "type": "github",
          "url": "https://github.com/sponsors/tsparticles"
        },
        {
          "type": "buymeacoffee",
          "url": "https://www.buymeacoffee.com/matteobruni"
        }
      ],
      "dependencies": {
        "@tsparticles/engine": "^3.3.0"
      }
    },
    "node_modules/@tsparticles/react": {
      "version": "3.0.0",
      "resolved": "https://registry.npmjs.org/@tsparticles/react/-/react-3.0.0.tgz",
      "integrity": "sha512-hjGEtTT1cwv6BcjL+GcVgH++KYs52bIuQGW3PWv7z3tMa8g0bd6RI/vWSLj7p//NZ3uTjEIeilYIUPBh7Jfq/Q==",
      "peerDependencies": {
        "@tsparticles/engine": "^3.0.2",
        "react": ">=16.8.0",
        "react-dom": ">=16.8.0"
      }
    },
    "node_modules/@tsparticles/shape-circle": {
      "version": "3.3.0",
      "resolved": "https://registry.npmjs.org/@tsparticles/shape-circle/-/shape-circle-3.3.0.tgz",
      "integrity": "sha512-m/T3SbZf8Zrn0m4Rd+8KTCMy54cofkaXa1Z7oikQYr/gPigT2C7Bo4vwQpiP8HKU+Xh5CEHFyc0s6ogfOaA2fA==",
      "dependencies": {
        "@tsparticles/engine": "^3.3.0"
      }
    },
    "node_modules/@tsparticles/shape-emoji": {
      "version": "3.3.0",
      "resolved": "https://registry.npmjs.org/@tsparticles/shape-emoji/-/shape-emoji-3.3.0.tgz",
      "integrity": "sha512-F9tl3jUTMCRzbwhpKk3t1z2d+7vbyeAoHAEeG4UdUVorO0ovaqzj16KcpfSu2wyGkPSzUKIyHX8doB9MR8DfGw==",
      "dependencies": {
        "@tsparticles/engine": "^3.3.0"
      }
    },
    "node_modules/@tsparticles/shape-image": {
      "version": "3.3.0",
      "resolved": "https://registry.npmjs.org/@tsparticles/shape-image/-/shape-image-3.3.0.tgz",
      "integrity": "sha512-w5PHiDZjILIUEDIn10bFasY1qnSY9lwV0ekoTLGDepiS/EmyNJb0+D7gWOy/mhFlpK1637Ngbz1Axw3Zfl8ObA==",
      "dependencies": {
        "@tsparticles/engine": "^3.3.0"
      }
    },
    "node_modules/@tsparticles/shape-line": {
      "version": "3.3.0",
      "resolved": "https://registry.npmjs.org/@tsparticles/shape-line/-/shape-line-3.3.0.tgz",
      "integrity": "sha512-PPkwsBL2F4TNK/6eXThhqTcInSPpGb5rjsBR3bbWBXKGEH+4ibLA0biBQWPjxqY/UrAt4St1dpktKRmTt0XacA==",
      "dependencies": {
        "@tsparticles/engine": "^3.3.0"
      }
    },
    "node_modules/@tsparticles/shape-polygon": {
      "version": "3.3.0",
      "resolved": "https://registry.npmjs.org/@tsparticles/shape-polygon/-/shape-polygon-3.3.0.tgz",
      "integrity": "sha512-JAHKIO8Pmzft0METZn6BqTHpn9PxWXxhAlPMG0XOEuziHpvMxmTXYbJNDFlmWu9RFpAjfIeGg8zUcS1xNuGWUQ==",
      "dependencies": {
        "@tsparticles/engine": "^3.3.0"
      }
    },
    "node_modules/@tsparticles/shape-square": {
      "version": "3.3.0",
      "resolved": "https://registry.npmjs.org/@tsparticles/shape-square/-/shape-square-3.3.0.tgz",
      "integrity": "sha512-72tLkzQ5QkkhgIFy+qqdA+vmBk8VE4PuJcLJ12FVH8e3uPJDO2WiLJmnCg9MHyp26uU5CEuIalrQpZ0TX1A5PQ==",
      "dependencies": {
        "@tsparticles/engine": "^3.3.0"
      }
    },
    "node_modules/@tsparticles/shape-star": {
      "version": "3.3.0",
      "resolved": "https://registry.npmjs.org/@tsparticles/shape-star/-/shape-star-3.3.0.tgz",
      "integrity": "sha512-RX9RLuJ9oWQbOVvVyiOBdPK8dc+RLc7DaqEOxGhMTPQeGvryjdkBU/FmiG4a7KaVyZeCI2diDW4oWEkulzZIIg==",
      "dependencies": {
        "@tsparticles/engine": "^3.3.0"
      }
    },
    "node_modules/@tsparticles/slim": {
      "version": "3.3.0",
      "resolved": "https://registry.npmjs.org/@tsparticles/slim/-/slim-3.3.0.tgz",
      "integrity": "sha512-/FAbB4b9/j7xaZYuGx+uU4rDLrLs7zEShwFHDWc4PWn/970CX+EvKszqNrBvQDuqDD3HZQ94iCwj7w9OWKXLTg==",
      "funding": [
        {
          "type": "github",
          "url": "https://github.com/sponsors/matteobruni"
        },
        {
          "type": "github",
          "url": "https://github.com/sponsors/tsparticles"
        },
        {
          "type": "buymeacoffee",
          "url": "https://www.buymeacoffee.com/matteobruni"
        }
      ],
      "dependencies": {
        "@tsparticles/basic": "^3.3.0",
        "@tsparticles/engine": "^3.3.0",
        "@tsparticles/interaction-external-attract": "^3.3.0",
        "@tsparticles/interaction-external-bounce": "^3.3.0",
        "@tsparticles/interaction-external-bubble": "^3.3.0",
        "@tsparticles/interaction-external-connect": "^3.3.0",
        "@tsparticles/interaction-external-grab": "^3.3.0",
        "@tsparticles/interaction-external-pause": "^3.3.0",
        "@tsparticles/interaction-external-push": "^3.3.0",
        "@tsparticles/interaction-external-remove": "^3.3.0",
        "@tsparticles/interaction-external-repulse": "^3.3.0",
        "@tsparticles/interaction-external-slow": "^3.3.0",
        "@tsparticles/interaction-particles-attract": "^3.3.0",
        "@tsparticles/interaction-particles-collisions": "^3.3.0",
        "@tsparticles/interaction-particles-links": "^3.3.0",
        "@tsparticles/move-parallax": "^3.3.0",
        "@tsparticles/plugin-easing-quad": "^3.3.0",
        "@tsparticles/shape-emoji": "^3.3.0",
        "@tsparticles/shape-image": "^3.3.0",
        "@tsparticles/shape-line": "^3.3.0",
        "@tsparticles/shape-polygon": "^3.3.0",
        "@tsparticles/shape-square": "^3.3.0",
        "@tsparticles/shape-star": "^3.3.0",
        "@tsparticles/updater-life": "^3.3.0",
        "@tsparticles/updater-rotate": "^3.3.0",
        "@tsparticles/updater-stroke-color": "^3.3.0"
      }
    },
    "node_modules/@tsparticles/updater-color": {
      "version": "3.3.0",
      "resolved": "https://registry.npmjs.org/@tsparticles/updater-color/-/updater-color-3.3.0.tgz",
      "integrity": "sha512-4ZggZr4jTXXOCLXqMXkH/jfhylf9wLt2G7D/F9ZZPihh8l8F2x0YM/JvzRePynhIFXfZaMD1PRfdXNTr6HnFFQ==",
      "dependencies": {
        "@tsparticles/engine": "^3.3.0"
      }
    },
    "node_modules/@tsparticles/updater-life": {
      "version": "3.3.0",
      "resolved": "https://registry.npmjs.org/@tsparticles/updater-life/-/updater-life-3.3.0.tgz",
      "integrity": "sha512-6DDx4FfezLmXxetVx0kFZdWKWLIPa/ujFxHto0fFIVFtjLaffJPEONoOIj6/TmAlcJ+XF2jY2Md4z6vyS6bMlA==",
      "dependencies": {
        "@tsparticles/engine": "^3.3.0"
      }
    },
    "node_modules/@tsparticles/updater-opacity": {
      "version": "3.3.0",
      "resolved": "https://registry.npmjs.org/@tsparticles/updater-opacity/-/updater-opacity-3.3.0.tgz",
      "integrity": "sha512-aQZJheqvoD69YYPiSlcRuWU7yEPs9dSmeOALP+fcaQwUQbVvr+wNJSUVkVNzeawtv4tPwou4QnytoWaBmZoqog==",
      "dependencies": {
        "@tsparticles/engine": "^3.3.0"
      }
    },
    "node_modules/@tsparticles/updater-out-modes": {
      "version": "3.3.0",
      "resolved": "https://registry.npmjs.org/@tsparticles/updater-out-modes/-/updater-out-modes-3.3.0.tgz",
      "integrity": "sha512-G+UDZO6pmBUdSeT1Y7SRXvZz2EUw5RBCF8AOQMyLntehJQgLPc+PbMCFenfjpRQCCiWQ8RSumZ040iv5CLRUug==",
      "dependencies": {
        "@tsparticles/engine": "^3.3.0"
      }
    },
    "node_modules/@tsparticles/updater-rotate": {
      "version": "3.3.0",
      "resolved": "https://registry.npmjs.org/@tsparticles/updater-rotate/-/updater-rotate-3.3.0.tgz",
      "integrity": "sha512-4i3+0rbvzmaNGunlK443kURoEVFeAvCY5VGNX73y8S5g94RFejtGYBUUsC/LAcCxgfxa3HgYwNTT6ypslnoNuw==",
      "dependencies": {
        "@tsparticles/engine": "^3.3.0"
      }
    },
    "node_modules/@tsparticles/updater-size": {
      "version": "3.3.0",
      "resolved": "https://registry.npmjs.org/@tsparticles/updater-size/-/updater-size-3.3.0.tgz",
      "integrity": "sha512-8s0dSh8bV4CN13oM86x1MPkI1T6KwuKPIiSdTcO1qKTcN1WBYzuuIPOU7Q3+fbQhSZ6F+da3zdG9unqU5sPYUA==",
      "dependencies": {
        "@tsparticles/engine": "^3.3.0"
      }
    },
    "node_modules/@tsparticles/updater-stroke-color": {
      "version": "3.3.0",
      "resolved": "https://registry.npmjs.org/@tsparticles/updater-stroke-color/-/updater-stroke-color-3.3.0.tgz",
      "integrity": "sha512-swo8nbIQsMJa5kGkaZF4Fq1XekKNqTj3n8T921kQOdkkz/nmL8U3/ikdRUpW/OiZgvULTnihYnDtTtiMtLmcaQ==",
      "dependencies": {
        "@tsparticles/engine": "^3.3.0"
      }
    },
    "node_modules/clsx": {
      "version": "2.1.0",
      "resolved": "https://registry.npmjs.org/clsx/-/clsx-2.1.0.tgz",
      "integrity": "sha512-m3iNNWpd9rl3jvvcBnu70ylMdrXt8Vlq4HYadnU5fwcOtvkSQWPmj7amUcDT2qYI7risszBjI5AUIUox9D16pg==",
      "engines": {
        "node": ">=6"
      }
    },
    "node_modules/framer-motion": {
      "version": "11.0.25",
      "resolved": "https://registry.npmjs.org/framer-motion/-/framer-motion-11.0.25.tgz",
      "integrity": "sha512-mRt7vQGzA7++wTgb+PW1TrlXXgndqR6hCiJ48fXr2X9alte2hPQiAq556HRwDCt0Q5X98MNvcSe4KUa27Gm5Lg==",
      "dependencies": {
        "tslib": "^2.4.0"
      },
      "peerDependencies": {
        "@emotion/is-prop-valid": "*",
        "react": "^18.0.0",
        "react-dom": "^18.0.0"
      },
      "peerDependenciesMeta": {
        "@emotion/is-prop-valid": {
          "optional": true
        },
        "react": {
          "optional": true
        },
        "react-dom": {
          "optional": true
        }
      }
    },
    "node_modules/js-tokens": {
      "version": "4.0.0",
      "resolved": "https://registry.npmjs.org/js-tokens/-/js-tokens-4.0.0.tgz",
      "integrity": "sha512-RdJUflcE3cUzKiMqQgsCu06FPu9UdIJO0beYbPhHN4k6apgJtifcoCtT9bcxOpYBtpD2kCM6Sbzg4CausW/PKQ==",
      "peer": true
    },
    "node_modules/loose-envify": {
      "version": "1.4.0",
      "resolved": "https://registry.npmjs.org/loose-envify/-/loose-envify-1.4.0.tgz",
      "integrity": "sha512-lyuxPGr/Wfhrlem2CL/UcnUc1zcqKAImBDzukY7Y5F/yQiNdko6+fRLevlw1HgMySw7f611UIY408EtxRSoK3Q==",
      "peer": true,
      "dependencies": {
        "js-tokens": "^3.0.0 || ^4.0.0"
      },
      "bin": {
        "loose-envify": "cli.js"
      }
    },
    "node_modules/react": {
      "version": "18.2.0",
      "resolved": "https://registry.npmjs.org/react/-/react-18.2.0.tgz",
      "integrity": "sha512-/3IjMdb2L9QbBdWiW5e3P2/npwMBaU9mHCSCUzNln0ZCYbcfTsGbTJrU/kGemdH2IWmB2ioZ+zkxtmq6g09fGQ==",
      "peer": true,
      "dependencies": {
        "loose-envify": "^1.1.0"
      },
      "engines": {
        "node": ">=0.10.0"
      }
    },
    "node_modules/react-dom": {
      "version": "18.2.0",
      "resolved": "https://registry.npmjs.org/react-dom/-/react-dom-18.2.0.tgz",
      "integrity": "sha512-6IMTriUmvsjHUjNtEDudZfuDQUoWXVxKHhlEGSk81n4YFS+r/Kl99wXiwlVXtPBtJenozv2P+hxDsw9eA7Xo6g==",
      "peer": true,
      "dependencies": {
        "loose-envify": "^1.1.0",
        "scheduler": "^0.23.0"
      },
      "peerDependencies": {
        "react": "^18.2.0"
      }
    },
    "node_modules/regenerator-runtime": {
      "version": "0.14.1",
      "resolved": "https://registry.npmjs.org/regenerator-runtime/-/regenerator-runtime-0.14.1.tgz",
      "integrity": "sha512-dYnhHh0nJoMfnkZs6GmmhFknAGRrLznOu5nc9ML+EJxGvrx6H7teuevqVqCuPcPK//3eDrrjQhehXVx9cnkGdw=="
    },
    "node_modules/scheduler": {
      "version": "0.23.0",
      "resolved": "https://registry.npmjs.org/scheduler/-/scheduler-0.23.0.tgz",
      "integrity": "sha512-CtuThmgHNg7zIZWAXi3AsyIzA3n4xx7aNyjwC2VJldO2LMVDhFK+63xGqq6CsJH4rTAt6/M+N4GhZiDYPx9eUw==",
      "peer": true,
      "dependencies": {
        "loose-envify": "^1.1.0"
      }
    },
    "node_modules/tailwind-merge": {
      "version": "2.2.2",
      "resolved": "https://registry.npmjs.org/tailwind-merge/-/tailwind-merge-2.2.2.tgz",
      "integrity": "sha512-tWANXsnmJzgw6mQ07nE3aCDkCK4QdT3ThPMCzawoYA2Pws7vSTCvz3Vrjg61jVUGfFZPJzxEP+NimbcW+EdaDw==",
      "dependencies": {
        "@babel/runtime": "^7.24.0"
      },
      "funding": {
        "type": "github",
        "url": "https://github.com/sponsors/dcastil"
      }
    },
    "node_modules/tslib": {
      "version": "2.6.2",
      "resolved": "https://registry.npmjs.org/tslib/-/tslib-2.6.2.tgz",
      "integrity": "sha512-AEYxH93jGFPn/a2iVAwW87VuUIkR1FVUKB77NwMF7nBTDkDrrT/Hpt/IrCJ0QXhW27jTBDcf5ZY7w6RiqTMw2Q=="
    }
  }
}
